
Microsoft Visual Studio Solution File, Format Version 12.00
# Visual Studio Version 16
VisualStudioVersion = 16.0.36324.18
MinimumVisualStudioVersion = 10.0.40219.1
Project("{FAE04EC0-301F-11D3-BF4B-00C04F79EFBC}") = "Ticket Booking System", "Ticket Booking System.csproj", "{0EB2E4AD-856B-4337-8A0D-32B1C338832F}"
EndProject
Global
	GlobalSection(SolutionConfigurationPlatforms) = preSolution
		Debug|Any CPU = Debug|Any CPU
		Release|Any CPU = Release|Any CPU
	EndGlobalSection
	GlobalSection(ProjectConfigurationPlatforms) = postSolution
		{0EB2E4AD-856B-4337-8A0D-32B1C338832F}.Debug|Any CPU.ActiveCfg = Debug|Any CPU
		{0EB2E4AD-856B-4337-8A0D-32B1C338832F}.Debug|Any CPU.Build.0 = Debug|Any CPU
		{0EB2E4AD-856B-4337-8A0D-32B1C338832F}.Release|Any CPU.ActiveCfg = Release|Any CPU
		{0EB2E4AD-856B-4337-8A0D-32B1C338832F}.Release|Any CPU.Build.0 = Release|Any CPU
	EndGlobalSection
	GlobalSection(SolutionProperties) = preSolution
		HideSolutionNode = FALSE
	EndGlobalSection
	GlobalSection(ExtensibilityGlobals) = postSolution
		SolutionGuid = {30A4AA21-B6D2-4B55-8B38-1471CF5B97CE}
	EndGlobalSection
EndGlobal
